// !$*UTF8*$!
{
	archiveVersion = 1;
	classes = {
	};
	objectVersion = 50;
	objects = {

/* Begin PBXBuildFile section */
		5D0EEFB4225CDFB4002B4779 /* AppDelegate.swift in Sources */ = {isa = PBXBuildFile; fileRef = 5D0EEFB3225CDFB4002B4779 /* AppDelegate.swift */; };
		5D0EEFB6225CDFB4002B4779 /* ViewController.swift in Sources */ = {isa = PBXBuildFile; fileRef = 5D0EEFB5225CDFB4002B4779 /* ViewController.swift */; };
		5D0EEFB9225CDFB4002B4779 /* Main.storyboard in Resources */ = {isa = PBXBuildFile; fileRef = 5D0EEFB7225CDFB4002B4779 /* Main.storyboard */; };
		5D0EEFBB225CDFB5002B4779 /* Assets.xcassets in Resources */ = {isa = PBXBuildFile; fileRef = 5D0EEFBA225CDFB5002B4779 /* Assets.xcassets */; };
		5D0EEFBE225CDFB5002B4779 /* LaunchScreen.storyboard in Resources */ = {isa = PBXBuildFile; fileRef = 5D0EEFBC225CDFB5002B4779 /* LaunchScreen.storyboard */; };
		5D0EEFCD225CDFC4002B4779 /* TapHandler.swift in Sources */ = {isa = PBXBuildFile; fileRef = 5D0EEFC6225CDFC4002B4779 /* TapHandler.swift */; };
		5D0EEFD1225CDFC4002B4779 /* AnimatableConstants.swift in Sources */ = {isa = PBXBuildFile; fileRef = 5D0EEFCA225CDFC4002B4779 /* AnimatableConstants.swift */; };
		5D0EEFD2225CDFC4002B4779 /* FlyableView.swift in Sources */ = {isa = PBXBuildFile; fileRef = 5D0EEFCB225CDFC4002B4779 /* FlyableView.swift */; };
		5D0EEFD3225CDFC4002B4779 /* AnimateableHelper.swift in Sources */ = {isa = PBXBuildFile; fileRef = 5D0EEFCC225CDFC4002B4779 /* AnimateableHelper.swift */; };
		5D0EEFD7225CDFF7002B4779 /* head.png in Resources */ = {isa = PBXBuildFile; fileRef = 5D0EEFD5225CDFF6002B4779 /* head.png */; };
		5D958059226215C50018FC7B /* Bounceable.swift in Sources */ = {isa = PBXBuildFile; fileRef = 5D958056226215C50018FC7B /* Bounceable.swift */; };
		5D95805A226215C50018FC7B /* Tapable.swift in Sources */ = {isa = PBXBuildFile; fileRef = 5D958057226215C50018FC7B /* Tapable.swift */; };
		5D95805B226215C50018FC7B /* Flyable.swift in Sources */ = {isa = PBXBuildFile; fileRef = 5D958058226215C50018FC7B /* Flyable.swift */; };
		5D95805D226215D20018FC7B /* Shakeable.swift in Sources */ = {isa = PBXBuildFile; fileRef = 5D95805C226215D20018FC7B /* Shakeable.swift */; };
		5D95805F2262DF780018FC7B /* Floatable.swift in Sources */ = {isa = PBXBuildFile; fileRef = 5D95805E2262DF780018FC7B /* Floatable.swift */; };
		5D9580612262E99D0018FC7B /* FloatableView.swift in Sources */ = {isa = PBXBuildFile; fileRef = 5D9580602262E99D0018FC7B /* FloatableView.swift */; };
		5D9580632262ED700018FC7B /* AnimationDelegate.swift in Sources */ = {isa = PBXBuildFile; fileRef = 5D9580622262ED700018FC7B /* AnimationDelegate.swift */; };
		5DC23484225CE0CC00136C69 /* BounceAbleView.swift in Sources */ = {isa = PBXBuildFile; fileRef = 5DC23482225CE0CC00136C69 /* BounceAbleView.swift */; };
		5DC23485225CE0CC00136C69 /* LikeAbleView.swift in Sources */ = {isa = PBXBuildFile; fileRef = 5DC23483225CE0CC00136C69 /* LikeAbleView.swift */; };
/* End PBXBuildFile section */

/* Begin PBXFileReference section */
		5D0EEFB0225CDFB4002B4779 /* AnimatedLike.app */ = {isa = PBXFileReference; explicitFileType = wrapper.application; includeInIndex = 0; path = AnimatedLike.app; sourceTree = BUILT_PRODUCTS_DIR; };
		5D0EEFB3225CDFB4002B4779 /* AppDelegate.swift */ = {isa = PBXFileReference; lastKnownFileType = sourcecode.swift; path = AppDelegate.swift; sourceTree = "<group>"; };
		5D0EEFB5225CDFB4002B4779 /* ViewController.swift */ = {isa = PBXFileReference; lastKnownFileType = sourcecode.swift; path = ViewController.swift; sourceTree = "<group>"; };
		5D0EEFB8225CDFB4002B4779 /* Base */ = {isa = PBXFileReference; lastKnownFileType = file.storyboard; name = Base; path = Base.lproj/Main.storyboard; sourceTree = "<group>"; };
		5D0EEFBA225CDFB5002B4779 /* Assets.xcassets */ = {isa = PBXFileReference; lastKnownFileType = folder.assetcatalog; path = Assets.xcassets; sourceTree = "<group>"; };
		5D0EEFBD225CDFB5002B4779 /* Base */ = {isa = PBXFileReference; lastKnownFileType = file.storyboard; name = Base; path = Base.lproj/LaunchScreen.storyboard; sourceTree = "<group>"; };
		5D0EEFBF225CDFB5002B4779 /* Info.plist */ = {isa = PBXFileReference; lastKnownFileType = text.plist.xml; path = Info.plist; sourceTree = "<group>"; };
		5D0EEFC6225CDFC4002B4779 /* TapHandler.swift */ = {isa = PBXFileReference; fileEncoding = 4; lastKnownFileType = sourcecode.swift; path = TapHandler.swift; sourceTree = "<group>"; };
		5D0EEFCA225CDFC4002B4779 /* AnimatableConstants.swift */ = {isa = PBXFileReference; fileEncoding = 4; lastKnownFileType = sourcecode.swift; path = AnimatableConstants.swift; sourceTree = "<group>"; };
		5D0EEFCB225CDFC4002B4779 /* FlyableView.swift */ = {isa = PBXFileReference; fileEncoding = 4; lastKnownFileType = sourcecode.swift; path = FlyableView.swift; sourceTree = "<group>"; };
		5D0EEFCC225CDFC4002B4779 /* AnimateableHelper.swift */ = {isa = PBXFileReference; fileEncoding = 4; lastKnownFileType = sourcecode.swift; path = AnimateableHelper.swift; sourceTree = "<group>"; };
		5D0EEFD5225CDFF6002B4779 /* head.png */ = {isa = PBXFileReference; lastKnownFileType = image.png; path = head.png; sourceTree = "<group>"; };
		5D958056226215C50018FC7B /* Bounceable.swift */ = {isa = PBXFileReference; fileEncoding = 4; lastKnownFileType = sourcecode.swift; path = Bounceable.swift; sourceTree = "<group>"; };
		5D958057226215C50018FC7B /* Tapable.swift */ = {isa = PBXFileReference; fileEncoding = 4; lastKnownFileType = sourcecode.swift; path = Tapable.swift; sourceTree = "<group>"; };
		5D958058226215C50018FC7B /* Flyable.swift */ = {isa = PBXFileReference; fileEncoding = 4; lastKnownFileType = sourcecode.swift; path = Flyable.swift; sourceTree = "<group>"; };
		5D95805C226215D20018FC7B /* Shakeable.swift */ = {isa = PBXFileReference; lastKnownFileType = sourcecode.swift; path = Shakeable.swift; sourceTree = "<group>"; };
		5D95805E2262DF780018FC7B /* Floatable.swift */ = {isa = PBXFileReference; lastKnownFileType = sourcecode.swift; path = Floatable.swift; sourceTree = "<group>"; };
		5D9580602262E99D0018FC7B /* FloatableView.swift */ = {isa = PBXFileReference; lastKnownFileType = sourcecode.swift; path = FloatableView.swift; sourceTree = "<group>"; };
		5D9580622262ED700018FC7B /* AnimationDelegate.swift */ = {isa = PBXFileReference; lastKnownFileType = sourcecode.swift; path = AnimationDelegate.swift; sourceTree = "<group>"; };
		5DC23482225CE0CC00136C69 /* BounceAbleView.swift */ = {isa = PBXFileReference; fileEncoding = 4; lastKnownFileType = sourcecode.swift; path = BounceAbleView.swift; sourceTree = "<group>"; };
		5DC23483225CE0CC00136C69 /* LikeAbleView.swift */ = {isa = PBXFileReference; fileEncoding = 4; lastKnownFileType = sourcecode.swift; path = LikeAbleView.swift; sourceTree = "<group>"; };
/* End PBXFileReference section */

/* Begin PBXFrameworksBuildPhase section */
		5D0EEFAD225CDFB4002B4779 /* Frameworks */ = {
			isa = PBXFrameworksBuildPhase;
			buildActionMask = 2147483647;
			files = (
			);
			runOnlyForDeploymentPostprocessing = 0;
		};
/* End PBXFrameworksBuildPhase section */

/* Begin PBXGroup section */
		5D0EEFA7225CDFB4002B4779 = {
			isa = PBXGroup;
			children = (
				5D0EEFB2225CDFB4002B4779 /* AnimatedLike */,
				5D0EEFB1225CDFB4002B4779 /* Products */,
			);
			sourceTree = "<group>";
		};
		5D0EEFB1225CDFB4002B4779 /* Products */ = {
			isa = PBXGroup;
			children = (
				5D0EEFB0225CDFB4002B4779 /* AnimatedLike.app */,
			);
			name = Products;
			sourceTree = "<group>";
		};
		5D0EEFB2225CDFB4002B4779 /* AnimatedLike */ = {
			isa = PBXGroup;
			children = (
				5D0EEFD5225CDFF6002B4779 /* head.png */,
				5D0EEFC5225CDFC4002B4779 /* Protocol */,
				5D0EEFB3225CDFB4002B4779 /* AppDelegate.swift */,
				5D0EEFB5225CDFB4002B4779 /* ViewController.swift */,
				5D0EEFB7225CDFB4002B4779 /* Main.storyboard */,
				5DC23482225CE0CC00136C69 /* BounceAbleView.swift */,
				5DC23483225CE0CC00136C69 /* LikeAbleView.swift */,
				5D0EEFBA225CDFB5002B4779 /* Assets.xcassets */,
				5D0EEFBC225CDFB5002B4779 /* LaunchScreen.storyboard */,
				5D0EEFBF225CDFB5002B4779 /* Info.plist */,
				5D9580602262E99D0018FC7B /* FloatableView.swift */,
			);
			path = AnimatedLike;
			sourceTree = "<group>";
		};
		5D0EEFC5225CDFC4002B4779 /* Protocol */ = {
			isa = PBXGroup;
			children = (
				5D9580552262159A0018FC7B /* Properties */,
				5D0EEFC6225CDFC4002B4779 /* TapHandler.swift */,
				5D0EEFCB225CDFC4002B4779 /* FlyableView.swift */,
				5D0EEFCC225CDFC4002B4779 /* AnimateableHelper.swift */,
				5D0EEFCA225CDFC4002B4779 /* AnimatableConstants.swift */,
				5D9580622262ED700018FC7B /* AnimationDelegate.swift */,
			);
			path = Protocol;
			sourceTree = "<group>";
		};
		5D9580552262159A0018FC7B /* Properties */ = {
			isa = PBXGroup;
			children = (
				5D958056226215C50018FC7B /* Bounceable.swift */,
				5D958058226215C50018FC7B /* Flyable.swift */,
				5D958057226215C50018FC7B /* Tapable.swift */,
				5D95805C226215D20018FC7B /* Shakeable.swift */,
				5D95805E2262DF780018FC7B /* Floatable.swift */,
			);
			path = Properties;
			sourceTree = "<group>";
		};
/* End PBXGroup section */

/* Begin PBXNativeTarget section */
		5D0EEFAF225CDFB4002B4779 /* AnimatedLike */ = {
			isa = PBXNativeTarget;
			buildConfigurationList = 5D0EEFC2225CDFB5002B4779 /* Build configuration list for PBXNativeTarget "AnimatedLike" */;
			buildPhases = (
				5D0EEFAC225CDFB4002B4779 /* Sources */,
				5D0EEFAD225CDFB4002B4779 /* Frameworks */,
				5D0EEFAE225CDFB4002B4779 /* Resources */,
			);
			buildRules = (
			);
			dependencies = (
			);
			name = AnimatedLike;
			productName = AnimatedLike;
			productReference = 5D0EEFB0225CDFB4002B4779 /* AnimatedLike.app */;
			productType = "com.apple.product-type.application";
		};
/* End PBXNativeTarget section */

/* Begin PBXProject section */
		5D0EEFA8225CDFB4002B4779 /* Project object */ = {
			isa = PBXProject;
			attributes = {
				LastSwiftUpdateCheck = 1020;
				LastUpgradeCheck = 1020;
				ORGANIZATIONNAME = "Skyway Innovation";
				TargetAttributes = {
					5D0EEFAF225CDFB4002B4779 = {
						CreatedOnToolsVersion = 10.2;
					};
				};
			};
			buildConfigurationList = 5D0EEFAB225CDFB4002B4779 /* Build configuration list for PBXProject "AnimatedLike" */;
			compatibilityVersion = "Xcode 9.3";
			developmentRegion = en;
			hasScannedForEncodings = 0;
			knownRegions = (
				en,
				Base,
			);
			mainGroup = 5D0EEFA7225CDFB4002B4779;
			productRefGroup = 5D0EEFB1225CDFB4002B4779 /* Products */;
			projectDirPath = "";
			projectRoot = "";
			targets = (
				5D0EEFAF225CDFB4002B4779 /* AnimatedLike */,
			);
		};
/* End PBXProject section */

/* Begin PBXResourcesBuildPhase section */
		5D0EEFAE225CDFB4002B4779 /* Resources */ = {
			isa = PBXResourcesBuildPhase;
			buildActionMask = 2147483647;
			files = (
				5D0EEFD7225CDFF7002B4779 /* head.png in Resources */,
				5D0EEFBE225CDFB5002B4779 /* LaunchScreen.storyboard in Resources */,
				5D0EEFBB225CDFB5002B4779 /* Assets.xcassets in Resources */,
				5D0EEFB9225CDFB4002B4779 /* Main.storyboard in Resources */,
			);
			runOnlyForDeploymentPostprocessing = 0;
		};
/* End PBXResourcesBuildPhase section */

/* Begin PBXSourcesBuildPhase section */
		5D0EEFAC225CDFB4002B4779 /* Sources */ = {
			isa = PBXSourcesBuildPhase;
			buildActionMask = 2147483647;
			files = (
				5D0EEFCD225CDFC4002B4779 /* TapHandler.swift in Sources */,
				5D9580612262E99D0018FC7B /* FloatableView.swift in Sources */,
				5D0EEFD1225CDFC4002B4779 /* AnimatableConstants.swift in Sources */,
				5DC23484225CE0CC00136C69 /* BounceAbleView.swift in Sources */,
				5D95805A226215C50018FC7B /* Tapable.swift in Sources */,
				5D0EEFB6225CDFB4002B4779 /* ViewController.swift in Sources */,
				5D0EEFB4225CDFB4002B4779 /* AppDelegate.swift in Sources */,
				5DC23485225CE0CC00136C69 /* LikeAbleView.swift in Sources */,
				5D9580632262ED700018FC7B /* AnimationDelegate.swift in Sources */,
				5D958059226215C50018FC7B /* Bounceable.swift in Sources */,
				5D0EEFD2225CDFC4002B4779 /* FlyableView.swift in Sources */,
				5D95805B226215C50018FC7B /* Flyable.swift in Sources */,
				5D95805D226215D20018FC7B /* Shakeable.swift in Sources */,
				5D95805F2262DF780018FC7B /* Floatable.swift in Sources */,
				5D0EEFD3225CDFC4002B4779 /* AnimateableHelper.swift in Sources */,
			);
			runOnlyForDeploymentPostprocessing = 0;
		};
/* End PBXSourcesBuildPhase section */

/* Begin PBXVariantGroup section */
		5D0EEFB7225CDFB4002B4779 /* Main.storyboard */ = {
			isa = PBXVariantGroup;
			children = (
				5D0EEFB8225CDFB4002B4779 /* Base */,
			);
			name = Main.storyboard;
			sourceTree = "<group>";
		};
		5D0EEFBC225CDFB5002B4779 /* LaunchScreen.storyboard */ = {
			isa = PBXVariantGroup;
			children = (
				5D0EEFBD225CDFB5002B4779 /* Base */,
			);
			name = LaunchScreen.storyboard;
			sourceTree = "<group>";
		};
/* End PBXVariantGroup section */

/* Begin XCBuildConfiguration section */
		5D0EEFC0225CDFB5002B4779 /* Debug */ = {
			isa = XCBuildConfiguration;
			buildSettings = {
				ALWAYS_SEARCH_USER_PATHS = NO;
				CLANG_ANALYZER_NONNULL = YES;
				CLANG_ANALYZER_NUMBER_OBJECT_CONVERSION = YES_AGGRESSIVE;
				CLANG_CXX_LANGUAGE_STANDARD = "gnu++14";
				CLANG_CXX_LIBRARY = "libc++";
				CLANG_ENABLE_MODULES = YES;
				CLANG_ENABLE_OBJC_ARC = YES;
				CLANG_ENABLE_OBJC_WEAK = YES;
				CLANG_WARN_BLOCK_CAPTURE_AUTORELEASING = YES;
				CLANG_WARN_BOOL_CONVERSION = YES;
				CLANG_WARN_COMMA = YES;
				CLANG_WARN_CONSTANT_CONVERSION = YES;
				CLANG_WARN_DEPRECATED_OBJC_IMPLEMENTATIONS = YES;
				CLANG_WARN_DIRECT_OBJC_ISA_USAGE = YES_ERROR;
				CLANG_WARN_DOCUMENTATION_COMMENTS = YES;
				CLANG_WARN_EMPTY_BODY = YES;
				CLANG_WARN_ENUM_CONVERSION = YES;
				CLANG_WARN_INFINITE_RECURSION = YES;
				CLANG_WARN_INT_CONVERSION = YES;
				CLANG_WARN_NON_LITERAL_NULL_CONVERSION = YES;
				CLANG_WARN_OBJC_IMPLICIT_RETAIN_SELF = YES;
				CLANG_WARN_OBJC_LITERAL_CONVERSION = YES;
				CLANG_WARN_OBJC_ROOT_CLASS = YES_ERROR;
				CLANG_WARN_RANGE_LOOP_ANALYSIS = YES;
				CLANG_WARN_STRICT_PROTOTYPES = YES;
				CLANG_WARN_SUSPICIOUS_MOVE = YES;
				CLANG_WARN_UNGUARDED_AVAILABILITY = YES_AGGRESSIVE;
				CLANG_WARN_UNREACHABLE_CODE = YES;
				CLANG_WARN__DUPLICATE_METHOD_MATCH = YES;
				CODE_SIGN_IDENTITY = "iPhone Developer";
				COPY_PHASE_STRIP = NO;
				DEBUG_INFORMATION_FORMAT = dwarf;
				ENABLE_STRICT_OBJC_MSGSEND = YES;
				ENABLE_TESTABILITY = YES;
				GCC_C_LANGUAGE_STANDARD = gnu11;
				GCC_DYNAMIC_NO_PIC = NO;
				GCC_NO_COMMON_BLOCKS = YES;
				GCC_OPTIMIZATION_LEVEL = 0;
				GCC_PREPROCESSOR_DEFINITIONS = (
					"DEBUG=1",
					"$(inherited)",
				);
				GCC_WARN_64_TO_32_BIT_CONVERSION = YES;
				GCC_WARN_ABOUT_RETURN_TYPE = YES_ERROR;
				GCC_WARN_UNDECLARED_SELECTOR = YES;
				GCC_WARN_UNINITIALIZED_AUTOS = YES_AGGRESSIVE;
				GCC_WARN_UNUSED_FUNCTION = YES;
				GCC_WARN_UNUSED_VARIABLE = YES;
				IPHONEOS_DEPLOYMENT_TARGET = 12.2;
				MTL_ENABLE_DEBUG_INFO = INCLUDE_SOURCE;
				MTL_FAST_MATH = YES;
				ONLY_ACTIVE_ARCH = YES;
				SDKROOT = iphoneos;
				SWIFT_ACTIVE_COMPILATION_CONDITIONS = DEBUG;
				SWIFT_OPTIMIZATION_LEVEL = "-Onone";
			};
			name = Debug;
		};
		5D0EEFC1225CDFB5002B4779 /* Release */ = {
			isa = XCBuildConfiguration;
			buildSettings = {
				ALWAYS_SEARCH_USER_PATHS = NO;
				CLANG_ANALYZER_NONNULL = YES;
				CLANG_ANALYZER_NUMBER_OBJECT_CONVERSION = YES_AGGRESSIVE;
				CLANG_CXX_LANGUAGE_STANDARD = "gnu++14";
				CLANG_CXX_LIBRARY = "libc++";
				CLANG_ENABLE_MODULES = YES;
				CLANG_ENABLE_OBJC_ARC = YES;
				CLANG_ENABLE_OBJC_WEAK = YES;
				CLANG_WARN_BLOCK_CAPTURE_AUTORELEASING = YES;
				CLANG_WARN_BOOL_CONVERSION = YES;
				CLANG_WARN_COMMA = YES;
				CLANG_WARN_CONSTANT_CONVERSION = YES;
				CLANG_WARN_DEPRECATED_OBJC_IMPLEMENTATIONS = YES;
				CLANG_WARN_DIRECT_OBJC_ISA_USAGE = YES_ERROR;
				CLANG_WARN_DOCUMENTATION_COMMENTS = YES;
				CLANG_WARN_EMPTY_BODY = YES;
				CLANG_WARN_ENUM_CONVERSION = YES;
				CLANG_WARN_INFINITE_RECURSION = YES;
				CLANG_WARN_INT_CONVERSION = YES;
				CLANG_WARN_NON_LITERAL_NULL_CONVERSION = YES;
				CLANG_WARN_OBJC_IMPLICIT_RETAIN_SELF = YES;
				CLANG_WARN_OBJC_LITERAL_CONVERSION = YES;
				CLANG_WARN_OBJC_ROOT_CLASS = YES_ERROR;
				CLANG_WARN_RANGE_LOOP_ANALYSIS = YES;
				CLANG_WARN_STRICT_PROTOTYPES = YES;
				CLANG_WARN_SUSPICIOUS_MOVE = YES;
				CLANG_WARN_UNGUARDED_AVAILABILITY = YES_AGGRESSIVE;
				CLANG_WARN_UNREACHABLE_CODE = YES;
				CLANG_WARN__DUPLICATE_METHOD_MATCH = YES;
				CODE_SIGN_IDENTITY = "iPhone Developer";
				COPY_PHASE_STRIP = NO;
				DEBUG_INFORMATION_FORMAT = "dwarf-with-dsym";
				ENABLE_NS_ASSERTIONS = NO;
				ENABLE_STRICT_OBJC_MSGSEND = YES;
				GCC_C_LANGUAGE_STANDARD = gnu11;
				GCC_NO_COMMON_BLOCKS = YES;
				GCC_WARN_64_TO_32_BIT_CONVERSION = YES;
				GCC_WARN_ABOUT_RETURN_TYPE = YES_ERROR;
				GCC_WARN_UNDECLARED_SELECTOR = YES;
				GCC_WARN_UNINITIALIZED_AUTOS = YES_AGGRESSIVE;
				GCC_WARN_UNUSED_FUNCTION = YES;
				GCC_WARN_UNUSED_VARIABLE = YES;
				IPHONEOS_DEPLOYMENT_TARGET = 12.2;
				MTL_ENABLE_DEBUG_INFO = NO;
				MTL_FAST_MATH = YES;
				SDKROOT = iphoneos;
				SWIFT_COMPILATION_MODE = wholemodule;
				SWIFT_OPTIMIZATION_LEVEL = "-O";
				VALIDATE_PRODUCT = YES;
			};
			name = Release;
		};
		5D0EEFC3225CDFB5002B4779 /* Debug */ = {
			isa = XCBuildConfiguration;
			buildSettings = {
				ASSETCATALOG_COMPILER_APPICON_NAME = AppIcon;
				CODE_SIGN_STYLE = Automatic;
				INFOPLIST_FILE = AnimatedLike/Info.plist;
				LD_RUNPATH_SEARCH_PATHS = (
					"$(inherited)",
					"@executable_path/Frameworks",
				);
				PRODUCT_BUNDLE_IDENTIFIER = "com.Skyway-Innovation.AnimatedLike";
				PRODUCT_NAME = "$(TARGET_NAME)";
				SWIFT_VERSION = 5.0;
				TARGETED_DEVICE_FAMILY = "1,2";
			};
			name = Debug;
		};
		5D0EEFC4225CDFB5002B4779 /* Release */ = {
			isa = XCBuildConfiguration;
			buildSettings = {
				ASSETCATALOG_COMPILER_APPICON_NAME = AppIcon;
				CODE_SIGN_STYLE = Automatic;
				INFOPLIST_FILE = AnimatedLike/Info.plist;
				LD_RUNPATH_SEARCH_PATHS = (
					"$(inherited)",
					"@executable_path/Frameworks",
				);
				PRODUCT_BUNDLE_IDENTIFIER = "com.Skyway-Innovation.AnimatedLike";
				PRODUCT_NAME = "$(TARGET_NAME)";
				SWIFT_VERSION = 5.0;
				TARGETED_DEVICE_FAMILY = "1,2";
			};
			name = Release;
		};
/* End XCBuildConfiguration section */

/* Begin XCConfigurationList section */
		5D0EEFAB225CDFB4002B4779 /* Build configuration list for PBXProject "AnimatedLike" */ = {
			isa = XCConfigurationList;
			buildConfigurations = (
				5D0EEFC0225CDFB5002B4779 /* Debug */,
				5D0EEFC1225CDFB5002B4779 /* Release */,
			);
			defaultConfigurationIsVisible = 0;
			defaultConfigurationName = Release;
		};
		5D0EEFC2225CDFB5002B4779 /* Build configuration list for PBXNativeTarget "AnimatedLike" */ = {
			isa = XCConfigurationList;
			buildConfigurations = (
				5D0EEFC3225CDFB5002B4779 /* Debug */,
				5D0EEFC4225CDFB5002B4779 /* Release */,
			);
			defaultConfigurationIsVisible = 0;
			defaultConfigurationName = Release;
		};
/* End XCConfigurationList section */
	};
	rootObject = 5D0EEFA8225CDFB4002B4779 /* Project object */;
}
